
Microsoft Visual Studio Solution File, Format Version 12.00
# Visual Studio Version 16
VisualStudioVersion = 16.0.29020.237
MinimumVisualStudioVersion = 10.0.40219.1
Project("{FAE04EC0-301F-11D3-BF4B-00C04F79EFBC}") = "TrashCollection", "TrashCollection\TrashCollection.csproj", "{34345E71-6D34-4E29-9898-E652AB33B52E}"
EndProject
Global
	GlobalSection(SolutionConfigurationPlatforms) = preSolution
		Debug|Any CPU = Debug|Any CPU
		Release|Any CPU = Release|Any CPU
	EndGlobalSection
	GlobalSection(ProjectConfigurationPlatforms) = postSolution
		{34345E71-6D34-4E29-9898-E652AB33B52E}.Debug|Any CPU.ActiveCfg = Debug|Any CPU
		{34345E71-6D34-4E29-9898-E652AB33B52E}.Debug|Any CPU.Build.0 = Debug|Any CPU
		{34345E71-6D34-4E29-9898-E652AB33B52E}.Release|Any CPU.ActiveCfg = Release|Any CPU
		{34345E71-6D34-4E29-9898-E652AB33B52E}.Release|Any CPU.Build.0 = Release|Any CPU
	EndGlobalSection
	GlobalSection(SolutionProperties) = preSolution
		HideSolutionNode = FALSE
	EndGlobalSection
	GlobalSection(ExtensibilityGlobals) = postSolution
		SolutionGuid = {CEACF138-E08B-4F75-A5F5-E38ADD9D5942}
	EndGlobalSection
EndGlobal
